
Microsoft Visual Studio Solution File, Format Version 12.00
# Visual Studio Version 16
VisualStudioVersion = 16.0.29806.167
MinimumVisualStudioVersion = 10.0.40219.1
Project("{FAE04EC0-301F-11D3-BF4B-00C04F79EFBC}") = "AbramyanHomeworkLib", "AbramyanHomeworkLib.csproj", "{8EFE9134-2503-440D-8DB2-850334E1A538}"
EndProject
Global
	GlobalSection(SolutionConfigurationPlatforms) = preSolution
		Debug|Any CPU = Debug|Any CPU
		Release|Any CPU = Release|Any CPU
	EndGlobalSection
	GlobalSection(ProjectConfigurationPlatforms) = postSolution
		{8EFE9134-2503-440D-8DB2-850334E1A538}.Debug|Any CPU.ActiveCfg = Debug|Any CPU
		{8EFE9134-2503-440D-8DB2-850334E1A538}.Debug|Any CPU.Build.0 = Debug|Any CPU
		{8EFE9134-2503-440D-8DB2-850334E1A538}.Release|Any CPU.ActiveCfg = Release|Any CPU
		{8EFE9134-2503-440D-8DB2-850334E1A538}.Release|Any CPU.Build.0 = Release|Any CPU
	EndGlobalSection
	GlobalSection(SolutionProperties) = preSolution
		HideSolutionNode = FALSE
	EndGlobalSection
	GlobalSection(ExtensibilityGlobals) = postSolution
		SolutionGuid = {075423CE-A19B-4956-A835-09B93B96A782}
	EndGlobalSection
EndGlobal
